
Microsoft Visual Studio Solution File, Format Version 12.00
# Visual Studio Version 16
VisualStudioVersion = 16.0.29926.136
MinimumVisualStudioVersion = 10.0.40219.1
Project("{FAE04EC0-301F-11D3-BF4B-00C04F79EFBC}") = "Form", "SearchForm\Form.csproj", "{5E2954FA-7D16-4058-92B3-CB9FBD543964}"
EndProject
Project("{FAE04EC0-301F-11D3-BF4B-00C04F79EFBC}") = "DTOs", "DTOs\DTOs.csproj", "{C724F867-DBD2-4920-BAB0-D4A19DCD8F9F}"
EndProject
Project("{FAE04EC0-301F-11D3-BF4B-00C04F79EFBC}") = "DALs", "DALs\DALs.csproj", "{B4FEA7BE-7B17-4F0A-891B-69D73BFD27E2}"
EndProject
Project("{FAE04EC0-301F-11D3-BF4B-00C04F79EFBC}") = "BULs", "BULs\BULs.csproj", "{E688FBC7-B1AD-4306-801C-6957CDBD3E0C}"
EndProject
Global
	GlobalSection(SolutionConfigurationPlatforms) = preSolution
		Debug|Any CPU = Debug|Any CPU
		Release|Any CPU = Release|Any CPU
	EndGlobalSection
	GlobalSection(ProjectConfigurationPlatforms) = postSolution
		{5E2954FA-7D16-4058-92B3-CB9FBD543964}.Debug|Any CPU.ActiveCfg = Debug|Any CPU
		{5E2954FA-7D16-4058-92B3-CB9FBD543964}.Debug|Any CPU.Build.0 = Debug|Any CPU
		{5E2954FA-7D16-4058-92B3-CB9FBD543964}.Release|Any CPU.ActiveCfg = Release|Any CPU
		{5E2954FA-7D16-4058-92B3-CB9FBD543964}.Release|Any CPU.Build.0 = Release|Any CPU
		{C724F867-DBD2-4920-BAB0-D4A19DCD8F9F}.Debug|Any CPU.ActiveCfg = Debug|Any CPU
		{C724F867-DBD2-4920-BAB0-D4A19DCD8F9F}.Debug|Any CPU.Build.0 = Debug|Any CPU
		{C724F867-DBD2-4920-BAB0-D4A19DCD8F9F}.Release|Any CPU.ActiveCfg = Release|Any CPU
		{C724F867-DBD2-4920-BAB0-D4A19DCD8F9F}.Release|Any CPU.Build.0 = Release|Any CPU
		{B4FEA7BE-7B17-4F0A-891B-69D73BFD27E2}.Debug|Any CPU.ActiveCfg = Debug|Any CPU
		{B4FEA7BE-7B17-4F0A-891B-69D73BFD27E2}.Debug|Any CPU.Build.0 = Debug|Any CPU
		{B4FEA7BE-7B17-4F0A-891B-69D73BFD27E2}.Release|Any CPU.ActiveCfg = Release|Any CPU
		{B4FEA7BE-7B17-4F0A-891B-69D73BFD27E2}.Release|Any CPU.Build.0 = Release|Any CPU
		{E688FBC7-B1AD-4306-801C-6957CDBD3E0C}.Debug|Any CPU.ActiveCfg = Debug|Any CPU
		{E688FBC7-B1AD-4306-801C-6957CDBD3E0C}.Debug|Any CPU.Build.0 = Debug|Any CPU
		{E688FBC7-B1AD-4306-801C-6957CDBD3E0C}.Release|Any CPU.ActiveCfg = Release|Any CPU
		{E688FBC7-B1AD-4306-801C-6957CDBD3E0C}.Release|Any CPU.Build.0 = Release|Any CPU
	EndGlobalSection
	GlobalSection(SolutionProperties) = preSolution
		HideSolutionNode = FALSE
	EndGlobalSection
	GlobalSection(ExtensibilityGlobals) = postSolution
		SolutionGuid = {3BC7986D-E72A-44B4-B9E8-6FA67592C116}
	EndGlobalSection
EndGlobal
